// !$*UTF8*$!
{
	archiveVersion = 1;
	classes = {
	};
	objectVersion = 48;
	objects = {

/* Begin PBXBuildFile section */
		88F1D50C1F9BD8D9007B0DA3 /* AppDelegate.swift in Sources */ = {isa = PBXBuildFile; fileRef = 88F1D50B1F9BD8D9007B0DA3 /* AppDelegate.swift */; };
		88F1D50E1F9BD8D9007B0DA3 /* art.scnassets in Resources */ = {isa = PBXBuildFile; fileRef = 88F1D50D1F9BD8D9007B0DA3 /* art.scnassets */; };
		88F1D5101F9BD8D9007B0DA3 /* ViewController.swift in Sources */ = {isa = PBXBuildFile; fileRef = 88F1D50F1F9BD8D9007B0DA3 /* ViewController.swift */; };
		88F1D5131F9BD8D9007B0DA3 /* Main.storyboard in Resources */ = {isa = PBXBuildFile; fileRef = 88F1D5111F9BD8D9007B0DA3 /* Main.storyboard */; };
		88F1D5151F9BD8D9007B0DA3 /* Assets.xcassets in Resources */ = {isa = PBXBuildFile; fileRef = 88F1D5141F9BD8D9007B0DA3 /* Assets.xcassets */; };
		88F1D5181F9BD8D9007B0DA3 /* LaunchScreen.storyboard in Resources */ = {isa = PBXBuildFile; fileRef = 88F1D5161F9BD8D9007B0DA3 /* LaunchScreen.storyboard */; };
/* End PBXBuildFile section */

/* Begin PBXFileReference section */
		88F1D5081F9BD8D9007B0DA3 /* OminPark.app */ = {isa = PBXFileReference; explicitFileType = wrapper.application; includeInIndex = 0; path = OminPark.app; sourceTree = BUILT_PRODUCTS_DIR; };
		88F1D50B1F9BD8D9007B0DA3 /* AppDelegate.swift */ = {isa = PBXFileReference; lastKnownFileType = sourcecode.swift; path = AppDelegate.swift; sourceTree = "<group>"; };
		88F1D50D1F9BD8D9007B0DA3 /* art.scnassets */ = {isa = PBXFileReference; lastKnownFileType = wrapper.scnassets; path = art.scnassets; sourceTree = "<group>"; };
		88F1D50F1F9BD8D9007B0DA3 /* ViewController.swift */ = {isa = PBXFileReference; lastKnownFileType = sourcecode.swift; path = ViewController.swift; sourceTree = "<group>"; };
		88F1D5121F9BD8D9007B0DA3 /* Base */ = {isa = PBXFileReference; lastKnownFileType = file.storyboard; name = Base; path = Base.lproj/Main.storyboard; sourceTree = "<group>"; };
		88F1D5141F9BD8D9007B0DA3 /* Assets.xcassets */ = {isa = PBXFileReference; lastKnownFileType = folder.assetcatalog; path = Assets.xcassets; sourceTree = "<group>"; };
		88F1D5171F9BD8D9007B0DA3 /* Base */ = {isa = PBXFileReference; lastKnownFileType = file.storyboard; name = Base; path = Base.lproj/LaunchScreen.storyboard; sourceTree = "<group>"; };
		88F1D5191F9BD8D9007B0DA3 /* Info.plist */ = {isa = PBXFileReference; lastKnownFileType = text.plist.xml; path = Info.plist; sourceTree = "<group>"; };
/* End PBXFileReference section */

/* Begin PBXFrameworksBuildPhase section */
		88F1D5051F9BD8D9007B0DA3 /* Frameworks */ = {
			isa = PBXFrameworksBuildPhase;
			buildActionMask = 2147483647;
			files = (
			);
			runOnlyForDeploymentPostprocessing = 0;
		};
/* End PBXFrameworksBuildPhase section */

/* Begin PBXGroup section */
		88F1D4FF1F9BD8D9007B0DA3 = {
			isa = PBXGroup;
			children = (
				88F1D50A1F9BD8D9007B0DA3 /* OminPark */,
				88F1D5091F9BD8D9007B0DA3 /* Products */,
			);
			sourceTree = "<group>";
		};
		88F1D5091F9BD8D9007B0DA3 /* Products */ = {
			isa = PBXGroup;
			children = (
				88F1D5081F9BD8D9007B0DA3 /* OminPark.app */,
			);
			name = Products;
			sourceTree = "<group>";
		};
		88F1D50A1F9BD8D9007B0DA3 /* OminPark */ = {
			isa = PBXGroup;
			children = (
				88F1D50B1F9BD8D9007B0DA3 /* AppDelegate.swift */,
				88F1D50D1F9BD8D9007B0DA3 /* art.scnassets */,
				88F1D50F1F9BD8D9007B0DA3 /* ViewController.swift */,
				88F1D5111F9BD8D9007B0DA3 /* Main.storyboard */,
				88F1D5141F9BD8D9007B0DA3 /* Assets.xcassets */,
				88F1D5161F9BD8D9007B0DA3 /* LaunchScreen.storyboard */,
				88F1D5191F9BD8D9007B0DA3 /* Info.plist */,
			);
			path = OminPark;
			sourceTree = "<group>";
		};
/* End PBXGroup section */

/* Begin PBXNativeTarget section */
		88F1D5071F9BD8D9007B0DA3 /* OminPark */ = {
			isa = PBXNativeTarget;
			buildConfigurationList = 88F1D51C1F9BD8D9007B0DA3 /* Build configuration list for PBXNativeTarget "OminPark" */;
			buildPhases = (
				88F1D5041F9BD8D9007B0DA3 /* Sources */,
				88F1D5051F9BD8D9007B0DA3 /* Frameworks */,
				88F1D5061F9BD8D9007B0DA3 /* Resources */,
			);
			buildRules = (
			);
			dependencies = (
			);
			name = OminPark;
			productName = OminPark;
			productReference = 88F1D5081F9BD8D9007B0DA3 /* OminPark.app */;
			productType = "com.apple.product-type.application";
		};
/* End PBXNativeTarget section */

/* Begin PBXProject section */
		88F1D5001F9BD8D9007B0DA3 /* Project object */ = {
			isa = PBXProject;
			attributes = {
				LastSwiftUpdateCheck = 0900;
				LastUpgradeCheck = 0900;
				ORGANIZATIONNAME = "SilverLogic, LLC";
				TargetAttributes = {
					88F1D5071F9BD8D9007B0DA3 = {
						CreatedOnToolsVersion = 9.0.1;
						ProvisioningStyle = Automatic;
					};
				};
			};
			buildConfigurationList = 88F1D5031F9BD8D9007B0DA3 /* Build configuration list for PBXProject "OminPark" */;
			compatibilityVersion = "Xcode 8.0";
			developmentRegion = en;
			hasScannedForEncodings = 0;
			knownRegions = (
				en,
				Base,
			);
			mainGroup = 88F1D4FF1F9BD8D9007B0DA3;
			productRefGroup = 88F1D5091F9BD8D9007B0DA3 /* Products */;
			projectDirPath = "";
			projectRoot = "";
			targets = (
				88F1D5071F9BD8D9007B0DA3 /* OminPark */,
			);
		};
/* End PBXProject section */

/* Begin PBXResourcesBuildPhase section */
		88F1D5061F9BD8D9007B0DA3 /* Resources */ = {
			isa = PBXResourcesBuildPhase;
			buildActionMask = 2147483647;
			files = (
				88F1D50E1F9BD8D9007B0DA3 /* art.scnassets in Resources */,
				88F1D5181F9BD8D9007B0DA3 /* LaunchScreen.storyboard in Resources */,
				88F1D5151F9BD8D9007B0DA3 /* Assets.xcassets in Resources */,
				88F1D5131F9BD8D9007B0DA3 /* Main.storyboard in Resources */,
			);
			runOnlyForDeploymentPostprocessing = 0;
		};
/* End PBXResourcesBuildPhase section */

/* Begin PBXSourcesBuildPhase section */
		88F1D5041F9BD8D9007B0DA3 /* Sources */ = {
			isa = PBXSourcesBuildPhase;
			buildActionMask = 2147483647;
			files = (
				88F1D5101F9BD8D9007B0DA3 /* ViewController.swift in Sources */,
				88F1D50C1F9BD8D9007B0DA3 /* AppDelegate.swift in Sources */,
			);
			runOnlyForDeploymentPostprocessing = 0;
		};
/* End PBXSourcesBuildPhase section */

/* Begin PBXVariantGroup section */
		88F1D5111F9BD8D9007B0DA3 /* Main.storyboard */ = {
			isa = PBXVariantGroup;
			children = (
				88F1D5121F9BD8D9007B0DA3 /* Base */,
			);
			name = Main.storyboard;
			sourceTree = "<group>";
		};
		88F1D5161F9BD8D9007B0DA3 /* LaunchScreen.storyboard */ = {
			isa = PBXVariantGroup;
			children = (
				88F1D5171F9BD8D9007B0DA3 /* Base */,
			);
			name = LaunchScreen.storyboard;
			sourceTree = "<group>";
		};
/* End PBXVariantGroup section */

/* Begin XCBuildConfiguration section */
		88F1D51A1F9BD8D9007B0DA3 /* Debug */ = {
			isa = XCBuildConfiguration;
			buildSettings = {
				ALWAYS_SEARCH_USER_PATHS = NO;
				CLANG_ANALYZER_NONNULL = YES;
				CLANG_ANALYZER_NUMBER_OBJECT_CONVERSION = YES_AGGRESSIVE;
				CLANG_CXX_LANGUAGE_STANDARD = "gnu++14";
				CLANG_CXX_LIBRARY = "libc++";
				CLANG_ENABLE_MODULES = YES;
				CLANG_ENABLE_OBJC_ARC = YES;
				CLANG_WARN_BLOCK_CAPTURE_AUTORELEASING = YES;
				CLANG_WARN_BOOL_CONVERSION = YES;
				CLANG_WARN_COMMA = YES;
				CLANG_WARN_CONSTANT_CONVERSION = YES;
				CLANG_WARN_DIRECT_OBJC_ISA_USAGE = YES_ERROR;
				CLANG_WARN_DOCUMENTATION_COMMENTS = YES;
				CLANG_WARN_EMPTY_BODY = YES;
				CLANG_WARN_ENUM_CONVERSION = YES;
				CLANG_WARN_INFINITE_RECURSION = YES;
				CLANG_WARN_INT_CONVERSION = YES;
				CLANG_WARN_NON_LITERAL_NULL_CONVERSION = YES;
				CLANG_WARN_OBJC_LITERAL_CONVERSION = YES;
				CLANG_WARN_OBJC_ROOT_CLASS = YES_ERROR;
				CLANG_WARN_RANGE_LOOP_ANALYSIS = YES;
				CLANG_WARN_STRICT_PROTOTYPES = YES;
				CLANG_WARN_SUSPICIOUS_MOVE = YES;
				CLANG_WARN_UNGUARDED_AVAILABILITY = YES_AGGRESSIVE;
				CLANG_WARN_UNREACHABLE_CODE = YES;
				CLANG_WARN__DUPLICATE_METHOD_MATCH = YES;
				CODE_SIGN_IDENTITY = "iPhone Developer";
				COPY_PHASE_STRIP = NO;
				DEBUG_INFORMATION_FORMAT = dwarf;
				ENABLE_STRICT_OBJC_MSGSEND = YES;
				ENABLE_TESTABILITY = YES;
				GCC_C_LANGUAGE_STANDARD = gnu11;
				GCC_DYNAMIC_NO_PIC = NO;
				GCC_NO_COMMON_BLOCKS = YES;
				GCC_OPTIMIZATION_LEVEL = 0;
				GCC_PREPROCESSOR_DEFINITIONS = (
					"DEBUG=1",
					"$(inherited)",
				);
				GCC_WARN_64_TO_32_BIT_CONVERSION = YES;
				GCC_WARN_ABOUT_RETURN_TYPE = YES_ERROR;
				GCC_WARN_UNDECLARED_SELECTOR = YES;
				GCC_WARN_UNINITIALIZED_AUTOS = YES_AGGRESSIVE;
				GCC_WARN_UNUSED_FUNCTION = YES;
				GCC_WARN_UNUSED_VARIABLE = YES;
				IPHONEOS_DEPLOYMENT_TARGET = 11.0;
				MTL_ENABLE_DEBUG_INFO = YES;
				ONLY_ACTIVE_ARCH = YES;
				SDKROOT = iphoneos;
				SWIFT_ACTIVE_COMPILATION_CONDITIONS = DEBUG;
				SWIFT_OPTIMIZATION_LEVEL = "-Onone";
			};
			name = Debug;
		};
		88F1D51B1F9BD8D9007B0DA3 /* Release */ = {
			isa = XCBuildConfiguration;
			buildSettings = {
				ALWAYS_SEARCH_USER_PATHS = NO;
				CLANG_ANALYZER_NONNULL = YES;
				CLANG_ANALYZER_NUMBER_OBJECT_CONVERSION = YES_AGGRESSIVE;
				CLANG_CXX_LANGUAGE_STANDARD = "gnu++14";
				CLANG_CXX_LIBRARY = "libc++";
				CLANG_ENABLE_MODULES = YES;
				CLANG_ENABLE_OBJC_ARC = YES;
				CLANG_WARN_BLOCK_CAPTURE_AUTORELEASING = YES;
				CLANG_WARN_BOOL_CONVERSION = YES;
				CLANG_WARN_COMMA = YES;
				CLANG_WARN_CONSTANT_CONVERSION = YES;
				CLANG_WARN_DIRECT_OBJC_ISA_USAGE = YES_ERROR;
				CLANG_WARN_DOCUMENTATION_COMMENTS = YES;
				CLANG_WARN_EMPTY_BODY = YES;
				CLANG_WARN_ENUM_CONVERSION = YES;
				CLANG_WARN_INFINITE_RECURSION = YES;
				CLANG_WARN_INT_CONVERSION = YES;
				CLANG_WARN_NON_LITERAL_NULL_CONVERSION = YES;
				CLANG_WARN_OBJC_LITERAL_CONVERSION = YES;
				CLANG_WARN_OBJC_ROOT_CLASS = YES_ERROR;
				CLANG_WARN_RANGE_LOOP_ANALYSIS = YES;
				CLANG_WARN_STRICT_PROTOTYPES = YES;
				CLANG_WARN_SUSPICIOUS_MOVE = YES;
				CLANG_WARN_UNGUARDED_AVAILABILITY = YES_AGGRESSIVE;
				CLANG_WARN_UNREACHABLE_CODE = YES;
				CLANG_WARN__DUPLICATE_METHOD_MATCH = YES;
				CODE_SIGN_IDENTITY = "iPhone Developer";
				COPY_PHASE_STRIP = NO;
				DEBUG_INFORMATION_FORMAT = "dwarf-with-dsym";
				ENABLE_NS_ASSERTIONS = NO;
				ENABLE_STRICT_OBJC_MSGSEND = YES;
				GCC_C_LANGUAGE_STANDARD = gnu11;
				GCC_NO_COMMON_BLOCKS = YES;
				GCC_WARN_64_TO_32_BIT_CONVERSION = YES;
				GCC_WARN_ABOUT_RETURN_TYPE = YES_ERROR;
				GCC_WARN_UNDECLARED_SELECTOR = YES;
				GCC_WARN_UNINITIALIZED_AUTOS = YES_AGGRESSIVE;
				GCC_WARN_UNUSED_FUNCTION = YES;
				GCC_WARN_UNUSED_VARIABLE = YES;
				IPHONEOS_DEPLOYMENT_TARGET = 11.0;
				MTL_ENABLE_DEBUG_INFO = NO;
				SDKROOT = iphoneos;
				SWIFT_OPTIMIZATION_LEVEL = "-Owholemodule";
				VALIDATE_PRODUCT = YES;
			};
			name = Release;
		};
		88F1D51D1F9BD8D9007B0DA3 /* Debug */ = {
			isa = XCBuildConfiguration;
			buildSettings = {
				ASSETCATALOG_COMPILER_APPICON_NAME = AppIcon;
				CODE_SIGN_STYLE = Automatic;
				DEVELOPMENT_TEAM = 4SB3F2S2K3;
				INFOPLIST_FILE = OminPark/Info.plist;
				LD_RUNPATH_SEARCH_PATHS = "$(inherited) @executable_path/Frameworks";
				PRODUCT_BUNDLE_IDENTIFIER = com.silverlogic.OminPark;
				PRODUCT_NAME = "$(TARGET_NAME)";
				SWIFT_VERSION = 4.0;
				TARGETED_DEVICE_FAMILY = "1,2";
			};
			name = Debug;
		};
		88F1D51E1F9BD8D9007B0DA3 /* Release */ = {
			isa = XCBuildConfiguration;
			buildSettings = {
				ASSETCATALOG_COMPILER_APPICON_NAME = AppIcon;
				CODE_SIGN_STYLE = Automatic;
				DEVELOPMENT_TEAM = 4SB3F2S2K3;
				INFOPLIST_FILE = OminPark/Info.plist;
				LD_RUNPATH_SEARCH_PATHS = "$(inherited) @executable_path/Frameworks";
				PRODUCT_BUNDLE_IDENTIFIER = com.silverlogic.OminPark;
				PRODUCT_NAME = "$(TARGET_NAME)";
				SWIFT_VERSION = 4.0;
				TARGETED_DEVICE_FAMILY = "1,2";
			};
			name = Release;
		};
/* End XCBuildConfiguration section */

/* Begin XCConfigurationList section */
		88F1D5031F9BD8D9007B0DA3 /* Build configuration list for PBXProject "OminPark" */ = {
			isa = XCConfigurationList;
			buildConfigurations = (
				88F1D51A1F9BD8D9007B0DA3 /* Debug */,
				88F1D51B1F9BD8D9007B0DA3 /* Release */,
			);
			defaultConfigurationIsVisible = 0;
			defaultConfigurationName = Release;
		};
		88F1D51C1F9BD8D9007B0DA3 /* Build configuration list for PBXNativeTarget "OminPark" */ = {
			isa = XCConfigurationList;
			buildConfigurations = (
				88F1D51D1F9BD8D9007B0DA3 /* Debug */,
				88F1D51E1F9BD8D9007B0DA3 /* Release */,
			);
			defaultConfigurationIsVisible = 0;
			defaultConfigurationName = Release;
		};
/* End XCConfigurationList section */
	};
	rootObject = 88F1D5001F9BD8D9007B0DA3 /* Project object */;
}
