// !$*UTF8*$!
{
	archiveVersion = 1;
	classes = {
	};
	objectVersion = 48;
	objects = {

/* Begin PBXBuildFile section */
		4DAE21341F9BF12F003E2D5A /* ARFrame+Extension.swift in Sources */ = {isa = PBXBuildFile; fileRef = 4DAE21331F9BF12F003E2D5A /* ARFrame+Extension.swift */; };
		4DAE21361F9BF15E003E2D5A /* matrix_float4x4+Extension.swift in Sources */ = {isa = PBXBuildFile; fileRef = 4DAE21351F9BF15E003E2D5A /* matrix_float4x4+Extension.swift */; };
		4DAE21381F9BF195003E2D5A /* SCNVector3+Extension.swift in Sources */ = {isa = PBXBuildFile; fileRef = 4DAE21371F9BF195003E2D5A /* SCNVector3+Extension.swift */; };
		4DAE213A1F9BF27F003E2D5A /* CGPoint+Extension.swift in Sources */ = {isa = PBXBuildFile; fileRef = 4DAE21391F9BF27F003E2D5A /* CGPoint+Extension.swift */; };
		4DAE213D1F9C24E6003E2D5A /* ArrowNode.swift in Sources */ = {isa = PBXBuildFile; fileRef = 4DAE213C1F9C24E6003E2D5A /* ArrowNode.swift */; };
		4DAE213F1F9C3E75003E2D5A /* NavigationManager.swift in Sources */ = {isa = PBXBuildFile; fileRef = 4DAE213E1F9C3E75003E2D5A /* NavigationManager.swift */; };
		4DAE21431F9C5326003E2D5A /* SCNNode+Extension.swift in Sources */ = {isa = PBXBuildFile; fileRef = 4DAE21421F9C5326003E2D5A /* SCNNode+Extension.swift */; };
		4DAE21451F9C5479003E2D5A /* BaseNode.swift in Sources */ = {isa = PBXBuildFile; fileRef = 4DAE21441F9C5479003E2D5A /* BaseNode.swift */; };
		4DAE21471F9C7B2B003E2D5A /* ParkingLotNode.swift in Sources */ = {isa = PBXBuildFile; fileRef = 4DAE21461F9C7B2B003E2D5A /* ParkingLotNode.swift */; };
		4DAE21491F9C80A1003E2D5A /* UIColor+Extension.swift in Sources */ = {isa = PBXBuildFile; fileRef = 4DAE21481F9C80A1003E2D5A /* UIColor+Extension.swift */; };
		4DAE214B1F9C9ADF003E2D5A /* MeterNode.swift in Sources */ = {isa = PBXBuildFile; fileRef = 4DAE214A1F9C9ADF003E2D5A /* MeterNode.swift */; };
		4DAE214D1F9C9D02003E2D5A /* SCNMaterial+Extension.swift in Sources */ = {isa = PBXBuildFile; fileRef = 4DAE214C1F9C9D02003E2D5A /* SCNMaterial+Extension.swift */; };
		4DAE214F1F9CA46F003E2D5A /* ARGesture.swift in Sources */ = {isa = PBXBuildFile; fileRef = 4DAE214E1F9CA46F003E2D5A /* ARGesture.swift */; };
		4DAE21511F9CC530003E2D5A /* OfferNode.swift in Sources */ = {isa = PBXBuildFile; fileRef = 4DAE21501F9CC530003E2D5A /* OfferNode.swift */; };
		4DAE21531F9CEA65003E2D5A /* InitialViewController.swift in Sources */ = {isa = PBXBuildFile; fileRef = 4DAE21521F9CEA65003E2D5A /* InitialViewController.swift */; };
		5F8480A2DE5397456B57D6F3 /* Pods_watchapp_Extension.framework in Frameworks */ = {isa = PBXBuildFile; fileRef = 3E4561776948F5F234277F20 /* Pods_watchapp_Extension.framework */; };
		65F19BE9C29EC2F7D91BDFF2 /* Pods_watchapp.framework in Frameworks */ = {isa = PBXBuildFile; fileRef = A1BB609092067954DCDC4990 /* Pods_watchapp.framework */; };
		7FADC38F5F5253B078092783 /* Pods_OmniPark.framework in Frameworks */ = {isa = PBXBuildFile; fileRef = 4CE2134BD9C9E92673514915 /* Pods_OmniPark.framework */; };
		88F1D50C1F9BD8D9007B0DA3 /* AppDelegate.swift in Sources */ = {isa = PBXBuildFile; fileRef = 88F1D50B1F9BD8D9007B0DA3 /* AppDelegate.swift */; };
		88F1D50E1F9BD8D9007B0DA3 /* art.scnassets in Resources */ = {isa = PBXBuildFile; fileRef = 88F1D50D1F9BD8D9007B0DA3 /* art.scnassets */; };
		88F1D5101F9BD8D9007B0DA3 /* ViewController.swift in Sources */ = {isa = PBXBuildFile; fileRef = 88F1D50F1F9BD8D9007B0DA3 /* ViewController.swift */; };
		88F1D5131F9BD8D9007B0DA3 /* Main.storyboard in Resources */ = {isa = PBXBuildFile; fileRef = 88F1D5111F9BD8D9007B0DA3 /* Main.storyboard */; };
		88F1D5151F9BD8D9007B0DA3 /* Assets.xcassets in Resources */ = {isa = PBXBuildFile; fileRef = 88F1D5141F9BD8D9007B0DA3 /* Assets.xcassets */; };
		88F1D5181F9BD8D9007B0DA3 /* LaunchScreen.storyboard in Resources */ = {isa = PBXBuildFile; fileRef = 88F1D5161F9BD8D9007B0DA3 /* LaunchScreen.storyboard */; };
		88F1D5251F9BDA21007B0DA3 /* Interface.storyboard in Resources */ = {isa = PBXBuildFile; fileRef = 88F1D5231F9BDA21007B0DA3 /* Interface.storyboard */; };
		88F1D5271F9BDA21007B0DA3 /* Assets.xcassets in Resources */ = {isa = PBXBuildFile; fileRef = 88F1D5261F9BDA21007B0DA3 /* Assets.xcassets */; };
		88F1D52E1F9BDA21007B0DA3 /* watchapp Extension.appex in Embed App Extensions */ = {isa = PBXBuildFile; fileRef = 88F1D52D1F9BDA21007B0DA3 /* watchapp Extension.appex */; settings = {ATTRIBUTES = (RemoveHeadersOnCopy, ); }; };
		88F1D5331F9BDA21007B0DA3 /* InterfaceController.swift in Sources */ = {isa = PBXBuildFile; fileRef = 88F1D5321F9BDA21007B0DA3 /* InterfaceController.swift */; };
		88F1D5351F9BDA21007B0DA3 /* ExtensionDelegate.swift in Sources */ = {isa = PBXBuildFile; fileRef = 88F1D5341F9BDA21007B0DA3 /* ExtensionDelegate.swift */; };
		88F1D5371F9BDA21007B0DA3 /* NotificationController.swift in Sources */ = {isa = PBXBuildFile; fileRef = 88F1D5361F9BDA21007B0DA3 /* NotificationController.swift */; };
		88F1D5391F9BDA21007B0DA3 /* Assets.xcassets in Resources */ = {isa = PBXBuildFile; fileRef = 88F1D5381F9BDA21007B0DA3 /* Assets.xcassets */; };
		88F1D53E1F9BDA21007B0DA3 /* watchapp.app in Embed Watch Content */ = {isa = PBXBuildFile; fileRef = 88F1D5211F9BDA21007B0DA3 /* watchapp.app */; };
		88F1D54A1F9BE2AB007B0DA3 /* MapViewController.swift in Sources */ = {isa = PBXBuildFile; fileRef = 88F1D5491F9BE2AB007B0DA3 /* MapViewController.swift */; };
		88F41F4C1F9C1C3800E61DCF /* CustomView.swift in Sources */ = {isa = PBXBuildFile; fileRef = 88F41F4B1F9C1C3800E61DCF /* CustomView.swift */; };
		88F41F501F9C1DB500E61DCF /* CircleButton.swift in Sources */ = {isa = PBXBuildFile; fileRef = 88F41F4F1F9C1DB500E61DCF /* CircleButton.swift */; };
		88F41F551F9C3E7A00E61DCF /* ParkingSpot.swift in Sources */ = {isa = PBXBuildFile; fileRef = 88F41F541F9C3E7A00E61DCF /* ParkingSpot.swift */; };
		88F41F581F9C409300E61DCF /* NetworkClient.swift in Sources */ = {isa = PBXBuildFile; fileRef = 88F41F571F9C409300E61DCF /* NetworkClient.swift */; };
		88F41F5A1F9C5F5000E61DCF /* Constants.swift in Sources */ = {isa = PBXBuildFile; fileRef = 88F41F591F9C5F5000E61DCF /* Constants.swift */; };
		88F41F5C1F9C926E00E61DCF /* Offer.swift in Sources */ = {isa = PBXBuildFile; fileRef = 88F41F5B1F9C926E00E61DCF /* Offer.swift */; };
		88F41F5E1F9C978500E61DCF /* ParkBooking.swift in Sources */ = {isa = PBXBuildFile; fileRef = 88F41F5D1F9C978500E61DCF /* ParkBooking.swift */; };
		88F41F601F9C998400E61DCF /* User.swift in Sources */ = {isa = PBXBuildFile; fileRef = 88F41F5F1F9C998400E61DCF /* User.swift */; };
/* End PBXBuildFile section */

/* Begin PBXContainerItemProxy section */
		88F1D52F1F9BDA21007B0DA3 /* PBXContainerItemProxy */ = {
			isa = PBXContainerItemProxy;
			containerPortal = 88F1D5001F9BD8D9007B0DA3 /* Project object */;
			proxyType = 1;
			remoteGlobalIDString = 88F1D52C1F9BDA21007B0DA3;
			remoteInfo = "watchapp Extension";
		};
		88F1D53C1F9BDA21007B0DA3 /* PBXContainerItemProxy */ = {
			isa = PBXContainerItemProxy;
			containerPortal = 88F1D5001F9BD8D9007B0DA3 /* Project object */;
			proxyType = 1;
			remoteGlobalIDString = 88F1D5201F9BDA21007B0DA3;
			remoteInfo = watchapp;
		};
/* End PBXContainerItemProxy section */

/* Begin PBXCopyFilesBuildPhase section */
		88F1D5421F9BDA21007B0DA3 /* Embed App Extensions */ = {
			isa = PBXCopyFilesBuildPhase;
			buildActionMask = 2147483647;
			dstPath = "";
			dstSubfolderSpec = 13;
			files = (
				88F1D52E1F9BDA21007B0DA3 /* watchapp Extension.appex in Embed App Extensions */,
			);
			name = "Embed App Extensions";
			runOnlyForDeploymentPostprocessing = 0;
		};
		88F1D5461F9BDA21007B0DA3 /* Embed Watch Content */ = {
			isa = PBXCopyFilesBuildPhase;
			buildActionMask = 2147483647;
			dstPath = "$(CONTENTS_FOLDER_PATH)/Watch";
			dstSubfolderSpec = 16;
			files = (
				88F1D53E1F9BDA21007B0DA3 /* watchapp.app in Embed Watch Content */,
			);
			name = "Embed Watch Content";
			runOnlyForDeploymentPostprocessing = 0;
		};
/* End PBXCopyFilesBuildPhase section */

/* Begin PBXFileReference section */
		002D4C73CA1960205A754C70 /* Pods-watchapp.debug.xcconfig */ = {isa = PBXFileReference; includeInIndex = 1; lastKnownFileType = text.xcconfig; name = "Pods-watchapp.debug.xcconfig"; path = "Pods/Target Support Files/Pods-watchapp/Pods-watchapp.debug.xcconfig"; sourceTree = "<group>"; };
		3E4561776948F5F234277F20 /* Pods_watchapp_Extension.framework */ = {isa = PBXFileReference; explicitFileType = wrapper.framework; includeInIndex = 0; path = Pods_watchapp_Extension.framework; sourceTree = BUILT_PRODUCTS_DIR; };
		41E6201CE634D89325D223BE /* Pods-OmniPark.debug.xcconfig */ = {isa = PBXFileReference; includeInIndex = 1; lastKnownFileType = text.xcconfig; name = "Pods-OmniPark.debug.xcconfig"; path = "Pods/Target Support Files/Pods-OmniPark/Pods-OmniPark.debug.xcconfig"; sourceTree = "<group>"; };
		4CE2134BD9C9E92673514915 /* Pods_OmniPark.framework */ = {isa = PBXFileReference; explicitFileType = wrapper.framework; includeInIndex = 0; path = Pods_OmniPark.framework; sourceTree = BUILT_PRODUCTS_DIR; };
		4DAE21331F9BF12F003E2D5A /* ARFrame+Extension.swift */ = {isa = PBXFileReference; lastKnownFileType = sourcecode.swift; path = "ARFrame+Extension.swift"; sourceTree = "<group>"; };
		4DAE21351F9BF15E003E2D5A /* matrix_float4x4+Extension.swift */ = {isa = PBXFileReference; lastKnownFileType = sourcecode.swift; path = "matrix_float4x4+Extension.swift"; sourceTree = "<group>"; };
		4DAE21371F9BF195003E2D5A /* SCNVector3+Extension.swift */ = {isa = PBXFileReference; lastKnownFileType = sourcecode.swift; path = "SCNVector3+Extension.swift"; sourceTree = "<group>"; };
		4DAE21391F9BF27F003E2D5A /* CGPoint+Extension.swift */ = {isa = PBXFileReference; lastKnownFileType = sourcecode.swift; path = "CGPoint+Extension.swift"; sourceTree = "<group>"; };
		4DAE213C1F9C24E6003E2D5A /* ArrowNode.swift */ = {isa = PBXFileReference; lastKnownFileType = sourcecode.swift; path = ArrowNode.swift; sourceTree = "<group>"; };
		4DAE213E1F9C3E75003E2D5A /* NavigationManager.swift */ = {isa = PBXFileReference; lastKnownFileType = sourcecode.swift; path = NavigationManager.swift; sourceTree = "<group>"; };
		4DAE21421F9C5326003E2D5A /* SCNNode+Extension.swift */ = {isa = PBXFileReference; lastKnownFileType = sourcecode.swift; path = "SCNNode+Extension.swift"; sourceTree = "<group>"; };
		4DAE21441F9C5479003E2D5A /* BaseNode.swift */ = {isa = PBXFileReference; lastKnownFileType = sourcecode.swift; path = BaseNode.swift; sourceTree = "<group>"; };
		4DAE21461F9C7B2B003E2D5A /* ParkingLotNode.swift */ = {isa = PBXFileReference; lastKnownFileType = sourcecode.swift; path = ParkingLotNode.swift; sourceTree = "<group>"; };
		4DAE21481F9C80A1003E2D5A /* UIColor+Extension.swift */ = {isa = PBXFileReference; lastKnownFileType = sourcecode.swift; path = "UIColor+Extension.swift"; sourceTree = "<group>"; };
		4DAE214A1F9C9ADF003E2D5A /* MeterNode.swift */ = {isa = PBXFileReference; lastKnownFileType = sourcecode.swift; path = MeterNode.swift; sourceTree = "<group>"; };
		4DAE214C1F9C9D02003E2D5A /* SCNMaterial+Extension.swift */ = {isa = PBXFileReference; lastKnownFileType = sourcecode.swift; path = "SCNMaterial+Extension.swift"; sourceTree = "<group>"; };
		4DAE214E1F9CA46F003E2D5A /* ARGesture.swift */ = {isa = PBXFileReference; lastKnownFileType = sourcecode.swift; path = ARGesture.swift; sourceTree = "<group>"; };
		4DAE21501F9CC530003E2D5A /* OfferNode.swift */ = {isa = PBXFileReference; lastKnownFileType = sourcecode.swift; path = OfferNode.swift; sourceTree = "<group>"; };
		4DAE21521F9CEA65003E2D5A /* InitialViewController.swift */ = {isa = PBXFileReference; lastKnownFileType = sourcecode.swift; path = InitialViewController.swift; sourceTree = "<group>"; };
		657017B593B550264C17E1A2 /* Pods-watchapp Extension.debug.xcconfig */ = {isa = PBXFileReference; includeInIndex = 1; lastKnownFileType = text.xcconfig; name = "Pods-watchapp Extension.debug.xcconfig"; path = "Pods/Target Support Files/Pods-watchapp Extension/Pods-watchapp Extension.debug.xcconfig"; sourceTree = "<group>"; };
		66FB8BD12622196981EC8FC8 /* Pods-OmniPark.release.xcconfig */ = {isa = PBXFileReference; includeInIndex = 1; lastKnownFileType = text.xcconfig; name = "Pods-OmniPark.release.xcconfig"; path = "Pods/Target Support Files/Pods-OmniPark/Pods-OmniPark.release.xcconfig"; sourceTree = "<group>"; };
		6B27F19781BB0F8E2AE52A9A /* Pods_OminPark.framework */ = {isa = PBXFileReference; explicitFileType = wrapper.framework; includeInIndex = 0; path = Pods_OminPark.framework; sourceTree = BUILT_PRODUCTS_DIR; };
		6CD3352BEBC0FEAB539B009C /* Pods-OminPark.release.xcconfig */ = {isa = PBXFileReference; includeInIndex = 1; lastKnownFileType = text.xcconfig; name = "Pods-OminPark.release.xcconfig"; path = "Pods/Target Support Files/Pods-OminPark/Pods-OminPark.release.xcconfig"; sourceTree = "<group>"; };
		88F1D5081F9BD8D9007B0DA3 /* OmniPark.app */ = {isa = PBXFileReference; explicitFileType = wrapper.application; includeInIndex = 0; path = OmniPark.app; sourceTree = BUILT_PRODUCTS_DIR; };
		88F1D50B1F9BD8D9007B0DA3 /* AppDelegate.swift */ = {isa = PBXFileReference; lastKnownFileType = sourcecode.swift; path = AppDelegate.swift; sourceTree = "<group>"; };
		88F1D50D1F9BD8D9007B0DA3 /* art.scnassets */ = {isa = PBXFileReference; lastKnownFileType = wrapper.scnassets; path = art.scnassets; sourceTree = "<group>"; };
		88F1D50F1F9BD8D9007B0DA3 /* ViewController.swift */ = {isa = PBXFileReference; lastKnownFileType = sourcecode.swift; path = ViewController.swift; sourceTree = "<group>"; };
		88F1D5121F9BD8D9007B0DA3 /* Base */ = {isa = PBXFileReference; lastKnownFileType = file.storyboard; name = Base; path = Base.lproj/Main.storyboard; sourceTree = "<group>"; };
		88F1D5141F9BD8D9007B0DA3 /* Assets.xcassets */ = {isa = PBXFileReference; lastKnownFileType = folder.assetcatalog; path = Assets.xcassets; sourceTree = "<group>"; };
		88F1D5171F9BD8D9007B0DA3 /* Base */ = {isa = PBXFileReference; lastKnownFileType = file.storyboard; name = Base; path = Base.lproj/LaunchScreen.storyboard; sourceTree = "<group>"; };
		88F1D5191F9BD8D9007B0DA3 /* Info.plist */ = {isa = PBXFileReference; lastKnownFileType = text.plist.xml; path = Info.plist; sourceTree = "<group>"; };
		88F1D5211F9BDA21007B0DA3 /* watchapp.app */ = {isa = PBXFileReference; explicitFileType = wrapper.application; includeInIndex = 0; path = watchapp.app; sourceTree = BUILT_PRODUCTS_DIR; };
		88F1D5241F9BDA21007B0DA3 /* Base */ = {isa = PBXFileReference; lastKnownFileType = file.storyboard; name = Base; path = Base.lproj/Interface.storyboard; sourceTree = "<group>"; };
		88F1D5261F9BDA21007B0DA3 /* Assets.xcassets */ = {isa = PBXFileReference; lastKnownFileType = folder.assetcatalog; path = Assets.xcassets; sourceTree = "<group>"; };
		88F1D5281F9BDA21007B0DA3 /* Info.plist */ = {isa = PBXFileReference; lastKnownFileType = text.plist.xml; path = Info.plist; sourceTree = "<group>"; };
		88F1D52D1F9BDA21007B0DA3 /* watchapp Extension.appex */ = {isa = PBXFileReference; explicitFileType = "wrapper.app-extension"; includeInIndex = 0; path = "watchapp Extension.appex"; sourceTree = BUILT_PRODUCTS_DIR; };
		88F1D5321F9BDA21007B0DA3 /* InterfaceController.swift */ = {isa = PBXFileReference; lastKnownFileType = sourcecode.swift; path = InterfaceController.swift; sourceTree = "<group>"; };
		88F1D5341F9BDA21007B0DA3 /* ExtensionDelegate.swift */ = {isa = PBXFileReference; lastKnownFileType = sourcecode.swift; path = ExtensionDelegate.swift; sourceTree = "<group>"; };
		88F1D5361F9BDA21007B0DA3 /* NotificationController.swift */ = {isa = PBXFileReference; lastKnownFileType = sourcecode.swift; path = NotificationController.swift; sourceTree = "<group>"; };
		88F1D5381F9BDA21007B0DA3 /* Assets.xcassets */ = {isa = PBXFileReference; lastKnownFileType = folder.assetcatalog; path = Assets.xcassets; sourceTree = "<group>"; };
		88F1D53A1F9BDA21007B0DA3 /* Info.plist */ = {isa = PBXFileReference; lastKnownFileType = text.plist.xml; path = Info.plist; sourceTree = "<group>"; };
		88F1D53B1F9BDA21007B0DA3 /* PushNotificationPayload.apns */ = {isa = PBXFileReference; lastKnownFileType = text; path = PushNotificationPayload.apns; sourceTree = "<group>"; };
		88F1D5491F9BE2AB007B0DA3 /* MapViewController.swift */ = {isa = PBXFileReference; lastKnownFileType = sourcecode.swift; path = MapViewController.swift; sourceTree = "<group>"; };
		88F41F4B1F9C1C3800E61DCF /* CustomView.swift */ = {isa = PBXFileReference; lastKnownFileType = sourcecode.swift; path = CustomView.swift; sourceTree = "<group>"; };
		88F41F4F1F9C1DB500E61DCF /* CircleButton.swift */ = {isa = PBXFileReference; lastKnownFileType = sourcecode.swift; path = CircleButton.swift; sourceTree = "<group>"; };
		88F41F541F9C3E7A00E61DCF /* ParkingSpot.swift */ = {isa = PBXFileReference; lastKnownFileType = sourcecode.swift; path = ParkingSpot.swift; sourceTree = "<group>"; };
		88F41F571F9C409300E61DCF /* NetworkClient.swift */ = {isa = PBXFileReference; lastKnownFileType = sourcecode.swift; path = NetworkClient.swift; sourceTree = "<group>"; };
		88F41F591F9C5F5000E61DCF /* Constants.swift */ = {isa = PBXFileReference; lastKnownFileType = sourcecode.swift; path = Constants.swift; sourceTree = "<group>"; };
		88F41F5B1F9C926E00E61DCF /* Offer.swift */ = {isa = PBXFileReference; lastKnownFileType = sourcecode.swift; path = Offer.swift; sourceTree = "<group>"; };
		88F41F5D1F9C978500E61DCF /* ParkBooking.swift */ = {isa = PBXFileReference; lastKnownFileType = sourcecode.swift; path = ParkBooking.swift; sourceTree = "<group>"; };
		88F41F5F1F9C998400E61DCF /* User.swift */ = {isa = PBXFileReference; lastKnownFileType = sourcecode.swift; path = User.swift; sourceTree = "<group>"; };
		88F41F611F9CA86000E61DCF /* OmniPark.entitlements */ = {isa = PBXFileReference; lastKnownFileType = text.plist.entitlements; path = OmniPark.entitlements; sourceTree = "<group>"; };
		88F41F621F9CA86500E61DCF /* watchapp Extension.entitlements */ = {isa = PBXFileReference; lastKnownFileType = text.plist.entitlements; path = "watchapp Extension.entitlements"; sourceTree = "<group>"; };
		A1BB609092067954DCDC4990 /* Pods_watchapp.framework */ = {isa = PBXFileReference; explicitFileType = wrapper.framework; includeInIndex = 0; path = Pods_watchapp.framework; sourceTree = BUILT_PRODUCTS_DIR; };
		B04F599538D62DF6784CABEA /* Pods-OminPark.debug.xcconfig */ = {isa = PBXFileReference; includeInIndex = 1; lastKnownFileType = text.xcconfig; name = "Pods-OminPark.debug.xcconfig"; path = "Pods/Target Support Files/Pods-OminPark/Pods-OminPark.debug.xcconfig"; sourceTree = "<group>"; };
		BA3E2CAF70DA126D7E9AACA6 /* Pods-watchapp Extension.release.xcconfig */ = {isa = PBXFileReference; includeInIndex = 1; lastKnownFileType = text.xcconfig; name = "Pods-watchapp Extension.release.xcconfig"; path = "Pods/Target Support Files/Pods-watchapp Extension/Pods-watchapp Extension.release.xcconfig"; sourceTree = "<group>"; };
		E96A9A7E354C273C46F3320D /* Pods-watchapp.release.xcconfig */ = {isa = PBXFileReference; includeInIndex = 1; lastKnownFileType = text.xcconfig; name = "Pods-watchapp.release.xcconfig"; path = "Pods/Target Support Files/Pods-watchapp/Pods-watchapp.release.xcconfig"; sourceTree = "<group>"; };
/* End PBXFileReference section */

/* Begin PBXFrameworksBuildPhase section */
		39FF6ECBFC368E798330919D /* Frameworks */ = {
			isa = PBXFrameworksBuildPhase;
			buildActionMask = 2147483647;
			files = (
				65F19BE9C29EC2F7D91BDFF2 /* Pods_watchapp.framework in Frameworks */,
			);
			runOnlyForDeploymentPostprocessing = 0;
		};
		88F1D5051F9BD8D9007B0DA3 /* Frameworks */ = {
			isa = PBXFrameworksBuildPhase;
			buildActionMask = 2147483647;
			files = (
				7FADC38F5F5253B078092783 /* Pods_OmniPark.framework in Frameworks */,
			);
			runOnlyForDeploymentPostprocessing = 0;
		};
		88F1D52A1F9BDA21007B0DA3 /* Frameworks */ = {
			isa = PBXFrameworksBuildPhase;
			buildActionMask = 2147483647;
			files = (
				5F8480A2DE5397456B57D6F3 /* Pods_watchapp_Extension.framework in Frameworks */,
			);
			runOnlyForDeploymentPostprocessing = 0;
		};
/* End PBXFrameworksBuildPhase section */

/* Begin PBXGroup section */
		4DAE21321F9BF0B2003E2D5A /* Extensions */ = {
			isa = PBXGroup;
			children = (
				4DAE21331F9BF12F003E2D5A /* ARFrame+Extension.swift */,
				4DAE21351F9BF15E003E2D5A /* matrix_float4x4+Extension.swift */,
				4DAE21371F9BF195003E2D5A /* SCNVector3+Extension.swift */,
				4DAE21391F9BF27F003E2D5A /* CGPoint+Extension.swift */,
				4DAE21421F9C5326003E2D5A /* SCNNode+Extension.swift */,
				4DAE21481F9C80A1003E2D5A /* UIColor+Extension.swift */,
				4DAE214C1F9C9D02003E2D5A /* SCNMaterial+Extension.swift */,
			);
			path = Extensions;
			sourceTree = "<group>";
		};
		4DAE213B1F9C24CE003E2D5A /* Nodes */ = {
			isa = PBXGroup;
			children = (
				4DAE21441F9C5479003E2D5A /* BaseNode.swift */,
				4DAE213C1F9C24E6003E2D5A /* ArrowNode.swift */,
				4DAE213E1F9C3E75003E2D5A /* NavigationManager.swift */,
				4DAE21461F9C7B2B003E2D5A /* ParkingLotNode.swift */,
				4DAE214A1F9C9ADF003E2D5A /* MeterNode.swift */,
				4DAE214E1F9CA46F003E2D5A /* ARGesture.swift */,
				4DAE21501F9CC530003E2D5A /* OfferNode.swift */,
			);
			path = Nodes;
			sourceTree = "<group>";
		};
		6AABF36F23259B49A2050673 /* Frameworks */ = {
			isa = PBXGroup;
			children = (
				6B27F19781BB0F8E2AE52A9A /* Pods_OminPark.framework */,
				A1BB609092067954DCDC4990 /* Pods_watchapp.framework */,
				3E4561776948F5F234277F20 /* Pods_watchapp_Extension.framework */,
				4CE2134BD9C9E92673514915 /* Pods_OmniPark.framework */,
			);
			name = Frameworks;
			sourceTree = "<group>";
		};
		88F1D4FF1F9BD8D9007B0DA3 = {
			isa = PBXGroup;
			children = (
				88F41F611F9CA86000E61DCF /* OmniPark.entitlements */,
				88F1D50A1F9BD8D9007B0DA3 /* OmniPark */,
				88F1D5221F9BDA21007B0DA3 /* watchapp */,
				88F1D5311F9BDA21007B0DA3 /* watchapp Extension */,
				88F1D5091F9BD8D9007B0DA3 /* Products */,
				F6EFAEC3EEF97AB9D25D2C93 /* Pods */,
				6AABF36F23259B49A2050673 /* Frameworks */,
			);
			sourceTree = "<group>";
		};
		88F1D5091F9BD8D9007B0DA3 /* Products */ = {
			isa = PBXGroup;
			children = (
				88F1D5081F9BD8D9007B0DA3 /* OmniPark.app */,
				88F1D5211F9BDA21007B0DA3 /* watchapp.app */,
				88F1D52D1F9BDA21007B0DA3 /* watchapp Extension.appex */,
			);
			name = Products;
			sourceTree = "<group>";
		};
		88F1D50A1F9BD8D9007B0DA3 /* OmniPark */ = {
			isa = PBXGroup;
			children = (
				4DAE21321F9BF0B2003E2D5A /* Extensions */,
				88F1D5471F9BE26A007B0DA3 /* Storyboards */,
				88F1D54B1F9BE892007B0DA3 /* Views */,
				88F1D5481F9BE284007B0DA3 /* ViewControllers */,
				88F41F531F9C3E5300E61DCF /* Models */,
				88F41F561F9C407500E61DCF /* Utilities */,
				88F1D50B1F9BD8D9007B0DA3 /* AppDelegate.swift */,
				88F41F591F9C5F5000E61DCF /* Constants.swift */,
				88F1D50D1F9BD8D9007B0DA3 /* art.scnassets */,
				88F1D5141F9BD8D9007B0DA3 /* Assets.xcassets */,
				88F1D5191F9BD8D9007B0DA3 /* Info.plist */,
			);
			path = OmniPark;
			sourceTree = "<group>";
		};
		88F1D5221F9BDA21007B0DA3 /* watchapp */ = {
			isa = PBXGroup;
			children = (
				88F1D5231F9BDA21007B0DA3 /* Interface.storyboard */,
				88F1D5261F9BDA21007B0DA3 /* Assets.xcassets */,
				88F1D5281F9BDA21007B0DA3 /* Info.plist */,
			);
			path = watchapp;
			sourceTree = "<group>";
		};
		88F1D5311F9BDA21007B0DA3 /* watchapp Extension */ = {
			isa = PBXGroup;
			children = (
				88F41F621F9CA86500E61DCF /* watchapp Extension.entitlements */,
				88F1D5321F9BDA21007B0DA3 /* InterfaceController.swift */,
				88F1D5341F9BDA21007B0DA3 /* ExtensionDelegate.swift */,
				88F1D5361F9BDA21007B0DA3 /* NotificationController.swift */,
				88F1D5381F9BDA21007B0DA3 /* Assets.xcassets */,
				88F1D53A1F9BDA21007B0DA3 /* Info.plist */,
				88F1D53B1F9BDA21007B0DA3 /* PushNotificationPayload.apns */,
			);
			path = "watchapp Extension";
			sourceTree = "<group>";
		};
		88F1D5471F9BE26A007B0DA3 /* Storyboards */ = {
			isa = PBXGroup;
			children = (
				88F1D5111F9BD8D9007B0DA3 /* Main.storyboard */,
				88F1D5161F9BD8D9007B0DA3 /* LaunchScreen.storyboard */,
			);
			path = Storyboards;
			sourceTree = "<group>";
		};
		88F1D5481F9BE284007B0DA3 /* ViewControllers */ = {
			isa = PBXGroup;
			children = (
				88F1D50F1F9BD8D9007B0DA3 /* ViewController.swift */,
				88F1D5491F9BE2AB007B0DA3 /* MapViewController.swift */,
				4DAE21521F9CEA65003E2D5A /* InitialViewController.swift */,
			);
			path = ViewControllers;
			sourceTree = "<group>";
		};
		88F1D54B1F9BE892007B0DA3 /* Views */ = {
			isa = PBXGroup;
			children = (
				4DAE213B1F9C24CE003E2D5A /* Nodes */,
				88F41F4E1F9C1CA200E61DCF /* UIButton */,
				88F41F4A1F9C1C1600E61DCF /* UIView */,
			);
			path = Views;
			sourceTree = "<group>";
		};
		88F41F4A1F9C1C1600E61DCF /* UIView */ = {
			isa = PBXGroup;
			children = (
				88F41F4B1F9C1C3800E61DCF /* CustomView.swift */,
			);
			path = UIView;
			sourceTree = "<group>";
		};
		88F41F4E1F9C1CA200E61DCF /* UIButton */ = {
			isa = PBXGroup;
			children = (
				88F41F4F1F9C1DB500E61DCF /* CircleButton.swift */,
			);
			path = UIButton;
			sourceTree = "<group>";
		};
		88F41F531F9C3E5300E61DCF /* Models */ = {
			isa = PBXGroup;
			children = (
				88F41F541F9C3E7A00E61DCF /* ParkingSpot.swift */,
				88F41F5B1F9C926E00E61DCF /* Offer.swift */,
				88F41F5D1F9C978500E61DCF /* ParkBooking.swift */,
				88F41F5F1F9C998400E61DCF /* User.swift */,
			);
			path = Models;
			sourceTree = "<group>";
		};
		88F41F561F9C407500E61DCF /* Utilities */ = {
			isa = PBXGroup;
			children = (
				88F41F571F9C409300E61DCF /* NetworkClient.swift */,
			);
			path = Utilities;
			sourceTree = "<group>";
		};
		F6EFAEC3EEF97AB9D25D2C93 /* Pods */ = {
			isa = PBXGroup;
			children = (
				B04F599538D62DF6784CABEA /* Pods-OminPark.debug.xcconfig */,
				6CD3352BEBC0FEAB539B009C /* Pods-OminPark.release.xcconfig */,
				002D4C73CA1960205A754C70 /* Pods-watchapp.debug.xcconfig */,
				E96A9A7E354C273C46F3320D /* Pods-watchapp.release.xcconfig */,
				657017B593B550264C17E1A2 /* Pods-watchapp Extension.debug.xcconfig */,
				BA3E2CAF70DA126D7E9AACA6 /* Pods-watchapp Extension.release.xcconfig */,
				41E6201CE634D89325D223BE /* Pods-OmniPark.debug.xcconfig */,
				66FB8BD12622196981EC8FC8 /* Pods-OmniPark.release.xcconfig */,
			);
			name = Pods;
			sourceTree = "<group>";
		};
/* End PBXGroup section */

/* Begin PBXNativeTarget section */
		88F1D5071F9BD8D9007B0DA3 /* OmniPark */ = {
			isa = PBXNativeTarget;
			buildConfigurationList = 88F1D51C1F9BD8D9007B0DA3 /* Build configuration list for PBXNativeTarget "OmniPark" */;
			buildPhases = (
				6F38676089BA406F5D9B1CB8 /* [CP] Check Pods Manifest.lock */,
				88F1D5041F9BD8D9007B0DA3 /* Sources */,
				88F1D5051F9BD8D9007B0DA3 /* Frameworks */,
				88F1D5061F9BD8D9007B0DA3 /* Resources */,
				88F1D5461F9BDA21007B0DA3 /* Embed Watch Content */,
				6A7581191C842A1426833D08 /* [CP] Embed Pods Frameworks */,
				4158A72A4389296EBD84E743 /* [CP] Copy Pods Resources */,
				2215D3642017CAB90029E5D2 /* ShellScript */,
			);
			buildRules = (
			);
			dependencies = (
				88F1D53D1F9BDA21007B0DA3 /* PBXTargetDependency */,
			);
			name = OmniPark;
			productName = OminPark;
			productReference = 88F1D5081F9BD8D9007B0DA3 /* OmniPark.app */;
			productType = "com.apple.product-type.application";
		};
		88F1D5201F9BDA21007B0DA3 /* watchapp */ = {
			isa = PBXNativeTarget;
			buildConfigurationList = 88F1D5431F9BDA21007B0DA3 /* Build configuration list for PBXNativeTarget "watchapp" */;
			buildPhases = (
				48FDE9F05ED8E0EF3AC98178 /* [CP] Check Pods Manifest.lock */,
				88F1D51F1F9BDA21007B0DA3 /* Resources */,
				88F1D5421F9BDA21007B0DA3 /* Embed App Extensions */,
				39FF6ECBFC368E798330919D /* Frameworks */,
				229C59D291F22A3821973F82 /* [CP] Copy Pods Resources */,
			);
			buildRules = (
			);
			dependencies = (
				88F1D5301F9BDA21007B0DA3 /* PBXTargetDependency */,
			);
			name = watchapp;
			productName = watchapp;
			productReference = 88F1D5211F9BDA21007B0DA3 /* watchapp.app */;
			productType = "com.apple.product-type.application.watchapp2";
		};
		88F1D52C1F9BDA21007B0DA3 /* watchapp Extension */ = {
			isa = PBXNativeTarget;
			buildConfigurationList = 88F1D53F1F9BDA21007B0DA3 /* Build configuration list for PBXNativeTarget "watchapp Extension" */;
			buildPhases = (
				9381CB44CE23FAF6D0C16E4D /* [CP] Check Pods Manifest.lock */,
				88F1D5291F9BDA21007B0DA3 /* Sources */,
				88F1D52A1F9BDA21007B0DA3 /* Frameworks */,
				88F1D52B1F9BDA21007B0DA3 /* Resources */,
				F072448C312AA3854FC0F9BC /* [CP] Embed Pods Frameworks */,
				C6115A6BB5DA2DDE1CC1D21C /* [CP] Copy Pods Resources */,
			);
			buildRules = (
			);
			dependencies = (
			);
			name = "watchapp Extension";
			productName = "watchapp Extension";
			productReference = 88F1D52D1F9BDA21007B0DA3 /* watchapp Extension.appex */;
			productType = "com.apple.product-type.watchkit2-extension";
		};
/* End PBXNativeTarget section */

/* Begin PBXProject section */
		88F1D5001F9BD8D9007B0DA3 /* Project object */ = {
			isa = PBXProject;
			attributes = {
				LastSwiftUpdateCheck = 0900;
				LastUpgradeCheck = 0900;
				ORGANIZATIONNAME = "SilverLogic, LLC";
				TargetAttributes = {
					88F1D5071F9BD8D9007B0DA3 = {
						CreatedOnToolsVersion = 9.0.1;
						ProvisioningStyle = Automatic;
						SystemCapabilities = {
							com.apple.Push = {
								enabled = 1;
							};
						};
					};
					88F1D5201F9BDA21007B0DA3 = {
						CreatedOnToolsVersion = 9.0.1;
						ProvisioningStyle = Automatic;
					};
					88F1D52C1F9BDA21007B0DA3 = {
						CreatedOnToolsVersion = 9.0.1;
						ProvisioningStyle = Automatic;
						SystemCapabilities = {
							com.apple.Push = {
								enabled = 1;
							};
						};
					};
				};
			};
			buildConfigurationList = 88F1D5031F9BD8D9007B0DA3 /* Build configuration list for PBXProject "OmniPark" */;
			compatibilityVersion = "Xcode 8.0";
			developmentRegion = en;
			hasScannedForEncodings = 0;
			knownRegions = (
				en,
				Base,
			);
			mainGroup = 88F1D4FF1F9BD8D9007B0DA3;
			productRefGroup = 88F1D5091F9BD8D9007B0DA3 /* Products */;
			projectDirPath = "";
			projectRoot = "";
			targets = (
				88F1D5071F9BD8D9007B0DA3 /* OmniPark */,
				88F1D5201F9BDA21007B0DA3 /* watchapp */,
				88F1D52C1F9BDA21007B0DA3 /* watchapp Extension */,
			);
		};
/* End PBXProject section */

/* Begin PBXResourcesBuildPhase section */
		88F1D5061F9BD8D9007B0DA3 /* Resources */ = {
			isa = PBXResourcesBuildPhase;
			buildActionMask = 2147483647;
			files = (
				88F1D50E1F9BD8D9007B0DA3 /* art.scnassets in Resources */,
				88F1D5181F9BD8D9007B0DA3 /* LaunchScreen.storyboard in Resources */,
				88F1D5151F9BD8D9007B0DA3 /* Assets.xcassets in Resources */,
				88F1D5131F9BD8D9007B0DA3 /* Main.storyboard in Resources */,
			);
			runOnlyForDeploymentPostprocessing = 0;
		};
		88F1D51F1F9BDA21007B0DA3 /* Resources */ = {
			isa = PBXResourcesBuildPhase;
			buildActionMask = 2147483647;
			files = (
				88F1D5271F9BDA21007B0DA3 /* Assets.xcassets in Resources */,
				88F1D5251F9BDA21007B0DA3 /* Interface.storyboard in Resources */,
			);
			runOnlyForDeploymentPostprocessing = 0;
		};
		88F1D52B1F9BDA21007B0DA3 /* Resources */ = {
			isa = PBXResourcesBuildPhase;
			buildActionMask = 2147483647;
			files = (
				88F1D5391F9BDA21007B0DA3 /* Assets.xcassets in Resources */,
			);
			runOnlyForDeploymentPostprocessing = 0;
		};
/* End PBXResourcesBuildPhase section */

/* Begin PBXShellScriptBuildPhase section */
		2215D3642017CAB90029E5D2 /* ShellScript */ = {
			isa = PBXShellScriptBuildPhase;
			buildActionMask = 2147483647;
			files = (
			);
			inputPaths = (
			);
			outputPaths = (
			);
			runOnlyForDeploymentPostprocessing = 0;
			shellPath = /bin/sh;
			shellScript = "\"${PODS_ROOT}/Fabric/run\" ccdf9e4a5cefcee65e6f1d40cd5dee0c45a38748 07b07385e052fb585322f9720d20640fb02764329cf8a6da6f325bdb56e9a254";
		};
		229C59D291F22A3821973F82 /* [CP] Copy Pods Resources */ = {
			isa = PBXShellScriptBuildPhase;
			buildActionMask = 2147483647;
			files = (
			);
			inputPaths = (
			);
			name = "[CP] Copy Pods Resources";
			outputPaths = (
			);
			runOnlyForDeploymentPostprocessing = 0;
			shellPath = /bin/sh;
			shellScript = "\"${SRCROOT}/Pods/Target Support Files/Pods-watchapp/Pods-watchapp-resources.sh\"\n";
			showEnvVarsInLog = 0;
		};
		4158A72A4389296EBD84E743 /* [CP] Copy Pods Resources */ = {
			isa = PBXShellScriptBuildPhase;
			buildActionMask = 2147483647;
			files = (
			);
			inputPaths = (
				"${SRCROOT}/Pods/Target Support Files/Pods-OmniPark/Pods-OmniPark-resources.sh",
				"${PODS_ROOT}/GoogleMaps/Maps/Frameworks/GoogleMaps.framework/Resources/GoogleMaps.bundle",
				"${PODS_ROOT}/GooglePlaces/Frameworks/GooglePlaces.framework/Resources/GooglePlaces.bundle",
			);
			name = "[CP] Copy Pods Resources";
			outputPaths = (
				"${TARGET_BUILD_DIR}/${UNLOCALIZED_RESOURCES_FOLDER_PATH}",
			);
			runOnlyForDeploymentPostprocessing = 0;
			shellPath = /bin/sh;
			shellScript = "\"${SRCROOT}/Pods/Target Support Files/Pods-OmniPark/Pods-OmniPark-resources.sh\"\n";
			showEnvVarsInLog = 0;
		};
		48FDE9F05ED8E0EF3AC98178 /* [CP] Check Pods Manifest.lock */ = {
			isa = PBXShellScriptBuildPhase;
			buildActionMask = 2147483647;
			files = (
			);
			inputPaths = (
				"${PODS_PODFILE_DIR_PATH}/Podfile.lock",
				"${PODS_ROOT}/Manifest.lock",
			);
			name = "[CP] Check Pods Manifest.lock";
			outputPaths = (
				"$(DERIVED_FILE_DIR)/Pods-watchapp-checkManifestLockResult.txt",
			);
			runOnlyForDeploymentPostprocessing = 0;
			shellPath = /bin/sh;
			shellScript = "diff \"${PODS_PODFILE_DIR_PATH}/Podfile.lock\" \"${PODS_ROOT}/Manifest.lock\" > /dev/null\nif [ $? != 0 ] ; then\n    # print error to STDERR\n    echo \"error: The sandbox is not in sync with the Podfile.lock. Run 'pod install' or update your CocoaPods installation.\" >&2\n    exit 1\nfi\n# This output is used by Xcode 'outputs' to avoid re-running this script phase.\necho \"SUCCESS\" > \"${SCRIPT_OUTPUT_FILE_0}\"\n";
			showEnvVarsInLog = 0;
		};
		6A7581191C842A1426833D08 /* [CP] Embed Pods Frameworks */ = {
			isa = PBXShellScriptBuildPhase;
			buildActionMask = 2147483647;
			files = (
			);
			inputPaths = (
				"${SRCROOT}/Pods/Target Support Files/Pods-OmniPark/Pods-OmniPark-frameworks.sh",
				"${BUILT_PRODUCTS_DIR}/Alamofire/Alamofire.framework",
				"${BUILT_PRODUCTS_DIR}/Motion/Motion.framework",
				"${BUILT_PRODUCTS_DIR}/SwiftyJSON/SwiftyJSON.framework",
			);
			name = "[CP] Embed Pods Frameworks";
			outputPaths = (
				"${TARGET_BUILD_DIR}/${FRAMEWORKS_FOLDER_PATH}/Alamofire.framework",
				"${TARGET_BUILD_DIR}/${FRAMEWORKS_FOLDER_PATH}/Motion.framework",
				"${TARGET_BUILD_DIR}/${FRAMEWORKS_FOLDER_PATH}/SwiftyJSON.framework",
			);
			runOnlyForDeploymentPostprocessing = 0;
			shellPath = /bin/sh;
			shellScript = "\"${SRCROOT}/Pods/Target Support Files/Pods-OmniPark/Pods-OmniPark-frameworks.sh\"\n";
			showEnvVarsInLog = 0;
		};
		6F38676089BA406F5D9B1CB8 /* [CP] Check Pods Manifest.lock */ = {
			isa = PBXShellScriptBuildPhase;
			buildActionMask = 2147483647;
			files = (
			);
			inputPaths = (
				"${PODS_PODFILE_DIR_PATH}/Podfile.lock",
				"${PODS_ROOT}/Manifest.lock",
			);
			name = "[CP] Check Pods Manifest.lock";
			outputPaths = (
				"$(DERIVED_FILE_DIR)/Pods-OmniPark-checkManifestLockResult.txt",
			);
			runOnlyForDeploymentPostprocessing = 0;
			shellPath = /bin/sh;
			shellScript = "diff \"${PODS_PODFILE_DIR_PATH}/Podfile.lock\" \"${PODS_ROOT}/Manifest.lock\" > /dev/null\nif [ $? != 0 ] ; then\n    # print error to STDERR\n    echo \"error: The sandbox is not in sync with the Podfile.lock. Run 'pod install' or update your CocoaPods installation.\" >&2\n    exit 1\nfi\n# This output is used by Xcode 'outputs' to avoid re-running this script phase.\necho \"SUCCESS\" > \"${SCRIPT_OUTPUT_FILE_0}\"\n";
			showEnvVarsInLog = 0;
		};
		9381CB44CE23FAF6D0C16E4D /* [CP] Check Pods Manifest.lock */ = {
			isa = PBXShellScriptBuildPhase;
			buildActionMask = 2147483647;
			files = (
			);
			inputPaths = (
				"${PODS_PODFILE_DIR_PATH}/Podfile.lock",
				"${PODS_ROOT}/Manifest.lock",
			);
			name = "[CP] Check Pods Manifest.lock";
			outputPaths = (
				"$(DERIVED_FILE_DIR)/Pods-watchapp Extension-checkManifestLockResult.txt",
			);
			runOnlyForDeploymentPostprocessing = 0;
			shellPath = /bin/sh;
			shellScript = "diff \"${PODS_PODFILE_DIR_PATH}/Podfile.lock\" \"${PODS_ROOT}/Manifest.lock\" > /dev/null\nif [ $? != 0 ] ; then\n    # print error to STDERR\n    echo \"error: The sandbox is not in sync with the Podfile.lock. Run 'pod install' or update your CocoaPods installation.\" >&2\n    exit 1\nfi\n# This output is used by Xcode 'outputs' to avoid re-running this script phase.\necho \"SUCCESS\" > \"${SCRIPT_OUTPUT_FILE_0}\"\n";
			showEnvVarsInLog = 0;
		};
		C6115A6BB5DA2DDE1CC1D21C /* [CP] Copy Pods Resources */ = {
			isa = PBXShellScriptBuildPhase;
			buildActionMask = 2147483647;
			files = (
			);
			inputPaths = (
			);
			name = "[CP] Copy Pods Resources";
			outputPaths = (
			);
			runOnlyForDeploymentPostprocessing = 0;
			shellPath = /bin/sh;
			shellScript = "\"${SRCROOT}/Pods/Target Support Files/Pods-watchapp Extension/Pods-watchapp Extension-resources.sh\"\n";
			showEnvVarsInLog = 0;
		};
		F072448C312AA3854FC0F9BC /* [CP] Embed Pods Frameworks */ = {
			isa = PBXShellScriptBuildPhase;
			buildActionMask = 2147483647;
			files = (
			);
			inputPaths = (
			);
			name = "[CP] Embed Pods Frameworks";
			outputPaths = (
			);
			runOnlyForDeploymentPostprocessing = 0;
			shellPath = /bin/sh;
			shellScript = "\"${SRCROOT}/Pods/Target Support Files/Pods-watchapp Extension/Pods-watchapp Extension-frameworks.sh\"\n";
			showEnvVarsInLog = 0;
		};
/* End PBXShellScriptBuildPhase section */

/* Begin PBXSourcesBuildPhase section */
		88F1D5041F9BD8D9007B0DA3 /* Sources */ = {
			isa = PBXSourcesBuildPhase;
			buildActionMask = 2147483647;
			files = (
				4DAE21341F9BF12F003E2D5A /* ARFrame+Extension.swift in Sources */,
				4DAE21531F9CEA65003E2D5A /* InitialViewController.swift in Sources */,
				4DAE21431F9C5326003E2D5A /* SCNNode+Extension.swift in Sources */,
				4DAE21451F9C5479003E2D5A /* BaseNode.swift in Sources */,
				88F41F501F9C1DB500E61DCF /* CircleButton.swift in Sources */,
				88F41F5E1F9C978500E61DCF /* ParkBooking.swift in Sources */,
				88F1D5101F9BD8D9007B0DA3 /* ViewController.swift in Sources */,
				4DAE213F1F9C3E75003E2D5A /* NavigationManager.swift in Sources */,
				88F41F551F9C3E7A00E61DCF /* ParkingSpot.swift in Sources */,
				88F41F4C1F9C1C3800E61DCF /* CustomView.swift in Sources */,
				4DAE21511F9CC530003E2D5A /* OfferNode.swift in Sources */,
				88F41F581F9C409300E61DCF /* NetworkClient.swift in Sources */,
				4DAE214D1F9C9D02003E2D5A /* SCNMaterial+Extension.swift in Sources */,
				88F1D54A1F9BE2AB007B0DA3 /* MapViewController.swift in Sources */,
				4DAE213D1F9C24E6003E2D5A /* ArrowNode.swift in Sources */,
				4DAE214F1F9CA46F003E2D5A /* ARGesture.swift in Sources */,
				4DAE21381F9BF195003E2D5A /* SCNVector3+Extension.swift in Sources */,
				4DAE21471F9C7B2B003E2D5A /* ParkingLotNode.swift in Sources */,
				4DAE213A1F9BF27F003E2D5A /* CGPoint+Extension.swift in Sources */,
				4DAE21491F9C80A1003E2D5A /* UIColor+Extension.swift in Sources */,
				4DAE21361F9BF15E003E2D5A /* matrix_float4x4+Extension.swift in Sources */,
				4DAE214B1F9C9ADF003E2D5A /* MeterNode.swift in Sources */,
				88F41F5C1F9C926E00E61DCF /* Offer.swift in Sources */,
				88F1D50C1F9BD8D9007B0DA3 /* AppDelegate.swift in Sources */,
				88F41F5A1F9C5F5000E61DCF /* Constants.swift in Sources */,
				88F41F601F9C998400E61DCF /* User.swift in Sources */,
			);
			runOnlyForDeploymentPostprocessing = 0;
		};
		88F1D5291F9BDA21007B0DA3 /* Sources */ = {
			isa = PBXSourcesBuildPhase;
			buildActionMask = 2147483647;
			files = (
				88F1D5371F9BDA21007B0DA3 /* NotificationController.swift in Sources */,
				88F1D5351F9BDA21007B0DA3 /* ExtensionDelegate.swift in Sources */,
				88F1D5331F9BDA21007B0DA3 /* InterfaceController.swift in Sources */,
			);
			runOnlyForDeploymentPostprocessing = 0;
		};
/* End PBXSourcesBuildPhase section */

/* Begin PBXTargetDependency section */
		88F1D5301F9BDA21007B0DA3 /* PBXTargetDependency */ = {
			isa = PBXTargetDependency;
			target = 88F1D52C1F9BDA21007B0DA3 /* watchapp Extension */;
			targetProxy = 88F1D52F1F9BDA21007B0DA3 /* PBXContainerItemProxy */;
		};
		88F1D53D1F9BDA21007B0DA3 /* PBXTargetDependency */ = {
			isa = PBXTargetDependency;
			target = 88F1D5201F9BDA21007B0DA3 /* watchapp */;
			targetProxy = 88F1D53C1F9BDA21007B0DA3 /* PBXContainerItemProxy */;
		};
/* End PBXTargetDependency section */

/* Begin PBXVariantGroup section */
		88F1D5111F9BD8D9007B0DA3 /* Main.storyboard */ = {
			isa = PBXVariantGroup;
			children = (
				88F1D5121F9BD8D9007B0DA3 /* Base */,
			);
			name = Main.storyboard;
			sourceTree = "<group>";
		};
		88F1D5161F9BD8D9007B0DA3 /* LaunchScreen.storyboard */ = {
			isa = PBXVariantGroup;
			children = (
				88F1D5171F9BD8D9007B0DA3 /* Base */,
			);
			name = LaunchScreen.storyboard;
			sourceTree = "<group>";
		};
		88F1D5231F9BDA21007B0DA3 /* Interface.storyboard */ = {
			isa = PBXVariantGroup;
			children = (
				88F1D5241F9BDA21007B0DA3 /* Base */,
			);
			name = Interface.storyboard;
			sourceTree = "<group>";
		};
/* End PBXVariantGroup section */

/* Begin XCBuildConfiguration section */
		88F1D51A1F9BD8D9007B0DA3 /* Debug */ = {
			isa = XCBuildConfiguration;
			buildSettings = {
				ALWAYS_SEARCH_USER_PATHS = NO;
				CLANG_ANALYZER_NONNULL = YES;
				CLANG_ANALYZER_NUMBER_OBJECT_CONVERSION = YES_AGGRESSIVE;
				CLANG_CXX_LANGUAGE_STANDARD = "gnu++14";
				CLANG_CXX_LIBRARY = "libc++";
				CLANG_ENABLE_MODULES = YES;
				CLANG_ENABLE_OBJC_ARC = YES;
				CLANG_WARN_BLOCK_CAPTURE_AUTORELEASING = YES;
				CLANG_WARN_BOOL_CONVERSION = YES;
				CLANG_WARN_COMMA = YES;
				CLANG_WARN_CONSTANT_CONVERSION = YES;
				CLANG_WARN_DIRECT_OBJC_ISA_USAGE = YES_ERROR;
				CLANG_WARN_DOCUMENTATION_COMMENTS = YES;
				CLANG_WARN_EMPTY_BODY = YES;
				CLANG_WARN_ENUM_CONVERSION = YES;
				CLANG_WARN_INFINITE_RECURSION = YES;
				CLANG_WARN_INT_CONVERSION = YES;
				CLANG_WARN_NON_LITERAL_NULL_CONVERSION = YES;
				CLANG_WARN_OBJC_LITERAL_CONVERSION = YES;
				CLANG_WARN_OBJC_ROOT_CLASS = YES_ERROR;
				CLANG_WARN_RANGE_LOOP_ANALYSIS = YES;
				CLANG_WARN_STRICT_PROTOTYPES = YES;
				CLANG_WARN_SUSPICIOUS_MOVE = YES;
				CLANG_WARN_UNGUARDED_AVAILABILITY = YES_AGGRESSIVE;
				CLANG_WARN_UNREACHABLE_CODE = YES;
				CLANG_WARN__DUPLICATE_METHOD_MATCH = YES;
				CODE_SIGN_IDENTITY = "iPhone Developer";
				COPY_PHASE_STRIP = NO;
				DEBUG_INFORMATION_FORMAT = dwarf;
				ENABLE_STRICT_OBJC_MSGSEND = YES;
				ENABLE_TESTABILITY = YES;
				GCC_C_LANGUAGE_STANDARD = gnu11;
				GCC_DYNAMIC_NO_PIC = NO;
				GCC_NO_COMMON_BLOCKS = YES;
				GCC_OPTIMIZATION_LEVEL = 0;
				GCC_PREPROCESSOR_DEFINITIONS = (
					"DEBUG=1",
					"$(inherited)",
				);
				GCC_WARN_64_TO_32_BIT_CONVERSION = YES;
				GCC_WARN_ABOUT_RETURN_TYPE = YES_ERROR;
				GCC_WARN_UNDECLARED_SELECTOR = YES;
				GCC_WARN_UNINITIALIZED_AUTOS = YES_AGGRESSIVE;
				GCC_WARN_UNUSED_FUNCTION = YES;
				GCC_WARN_UNUSED_VARIABLE = YES;
				IPHONEOS_DEPLOYMENT_TARGET = 11.0;
				MTL_ENABLE_DEBUG_INFO = YES;
				ONLY_ACTIVE_ARCH = YES;
				SDKROOT = iphoneos;
				SWIFT_ACTIVE_COMPILATION_CONDITIONS = DEBUG;
				SWIFT_OPTIMIZATION_LEVEL = "-Onone";
			};
			name = Debug;
		};
		88F1D51B1F9BD8D9007B0DA3 /* Release */ = {
			isa = XCBuildConfiguration;
			buildSettings = {
				ALWAYS_SEARCH_USER_PATHS = NO;
				CLANG_ANALYZER_NONNULL = YES;
				CLANG_ANALYZER_NUMBER_OBJECT_CONVERSION = YES_AGGRESSIVE;
				CLANG_CXX_LANGUAGE_STANDARD = "gnu++14";
				CLANG_CXX_LIBRARY = "libc++";
				CLANG_ENABLE_MODULES = YES;
				CLANG_ENABLE_OBJC_ARC = YES;
				CLANG_WARN_BLOCK_CAPTURE_AUTORELEASING = YES;
				CLANG_WARN_BOOL_CONVERSION = YES;
				CLANG_WARN_COMMA = YES;
				CLANG_WARN_CONSTANT_CONVERSION = YES;
				CLANG_WARN_DIRECT_OBJC_ISA_USAGE = YES_ERROR;
				CLANG_WARN_DOCUMENTATION_COMMENTS = YES;
				CLANG_WARN_EMPTY_BODY = YES;
				CLANG_WARN_ENUM_CONVERSION = YES;
				CLANG_WARN_INFINITE_RECURSION = YES;
				CLANG_WARN_INT_CONVERSION = YES;
				CLANG_WARN_NON_LITERAL_NULL_CONVERSION = YES;
				CLANG_WARN_OBJC_LITERAL_CONVERSION = YES;
				CLANG_WARN_OBJC_ROOT_CLASS = YES_ERROR;
				CLANG_WARN_RANGE_LOOP_ANALYSIS = YES;
				CLANG_WARN_STRICT_PROTOTYPES = YES;
				CLANG_WARN_SUSPICIOUS_MOVE = YES;
				CLANG_WARN_UNGUARDED_AVAILABILITY = YES_AGGRESSIVE;
				CLANG_WARN_UNREACHABLE_CODE = YES;
				CLANG_WARN__DUPLICATE_METHOD_MATCH = YES;
				CODE_SIGN_IDENTITY = "iPhone Developer";
				COPY_PHASE_STRIP = NO;
				DEBUG_INFORMATION_FORMAT = "dwarf-with-dsym";
				ENABLE_NS_ASSERTIONS = NO;
				ENABLE_STRICT_OBJC_MSGSEND = YES;
				GCC_C_LANGUAGE_STANDARD = gnu11;
				GCC_NO_COMMON_BLOCKS = YES;
				GCC_WARN_64_TO_32_BIT_CONVERSION = YES;
				GCC_WARN_ABOUT_RETURN_TYPE = YES_ERROR;
				GCC_WARN_UNDECLARED_SELECTOR = YES;
				GCC_WARN_UNINITIALIZED_AUTOS = YES_AGGRESSIVE;
				GCC_WARN_UNUSED_FUNCTION = YES;
				GCC_WARN_UNUSED_VARIABLE = YES;
				IPHONEOS_DEPLOYMENT_TARGET = 11.0;
				MTL_ENABLE_DEBUG_INFO = NO;
				SDKROOT = iphoneos;
				SWIFT_OPTIMIZATION_LEVEL = "-Owholemodule";
				VALIDATE_PRODUCT = YES;
			};
			name = Release;
		};
		88F1D51D1F9BD8D9007B0DA3 /* Debug */ = {
			isa = XCBuildConfiguration;
			baseConfigurationReference = 41E6201CE634D89325D223BE /* Pods-OmniPark.debug.xcconfig */;
			buildSettings = {
				ASSETCATALOG_COMPILER_APPICON_NAME = AppIcon;
				CODE_SIGN_ENTITLEMENTS = OmniPark.entitlements;
				CODE_SIGN_STYLE = Automatic;
				DEVELOPMENT_TEAM = 4SB3F2S2K3;
				INFOPLIST_FILE = "$(SRCROOT)/OmniPark/Info.plist";
				LD_RUNPATH_SEARCH_PATHS = "$(inherited) @executable_path/Frameworks";
				PRODUCT_BUNDLE_IDENTIFIER = com.silverlogic.OmniPark;
				PRODUCT_NAME = "$(TARGET_NAME)";
				SWIFT_VERSION = 4.0;
				TARGETED_DEVICE_FAMILY = "1,2";
			};
			name = Debug;
		};
		88F1D51E1F9BD8D9007B0DA3 /* Release */ = {
			isa = XCBuildConfiguration;
			baseConfigurationReference = 66FB8BD12622196981EC8FC8 /* Pods-OmniPark.release.xcconfig */;
			buildSettings = {
				ASSETCATALOG_COMPILER_APPICON_NAME = AppIcon;
				CODE_SIGN_ENTITLEMENTS = OmniPark.entitlements;
				CODE_SIGN_STYLE = Automatic;
				DEVELOPMENT_TEAM = 4SB3F2S2K3;
				INFOPLIST_FILE = "$(SRCROOT)/OmniPark/Info.plist";
				LD_RUNPATH_SEARCH_PATHS = "$(inherited) @executable_path/Frameworks";
				PRODUCT_BUNDLE_IDENTIFIER = com.silverlogic.OmniPark;
				PRODUCT_NAME = "$(TARGET_NAME)";
				SWIFT_VERSION = 4.0;
				TARGETED_DEVICE_FAMILY = "1,2";
			};
			name = Release;
		};
		88F1D5401F9BDA21007B0DA3 /* Debug */ = {
			isa = XCBuildConfiguration;
			baseConfigurationReference = 657017B593B550264C17E1A2 /* Pods-watchapp Extension.debug.xcconfig */;
			buildSettings = {
				ASSETCATALOG_COMPILER_COMPLICATION_NAME = Complication;
				CODE_SIGN_ENTITLEMENTS = "watchapp Extension/watchapp Extension.entitlements";
				CODE_SIGN_STYLE = Automatic;
				DEVELOPMENT_TEAM = 4SB3F2S2K3;
				INFOPLIST_FILE = "watchapp Extension/Info.plist";
				LD_RUNPATH_SEARCH_PATHS = "$(inherited) @executable_path/Frameworks @executable_path/../../Frameworks";
				PRODUCT_BUNDLE_IDENTIFIER = com.silverlogic.OmniPark.watchkitapp.watchkitextension;
				PRODUCT_NAME = "${TARGET_NAME}";
				SDKROOT = watchos;
				SKIP_INSTALL = YES;
				SWIFT_VERSION = 4.0;
				TARGETED_DEVICE_FAMILY = 4;
				WATCHOS_DEPLOYMENT_TARGET = 4.0;
			};
			name = Debug;
		};
		88F1D5411F9BDA21007B0DA3 /* Release */ = {
			isa = XCBuildConfiguration;
			baseConfigurationReference = BA3E2CAF70DA126D7E9AACA6 /* Pods-watchapp Extension.release.xcconfig */;
			buildSettings = {
				ASSETCATALOG_COMPILER_COMPLICATION_NAME = Complication;
				CODE_SIGN_ENTITLEMENTS = "watchapp Extension/watchapp Extension.entitlements";
				CODE_SIGN_STYLE = Automatic;
				DEVELOPMENT_TEAM = 4SB3F2S2K3;
				INFOPLIST_FILE = "watchapp Extension/Info.plist";
				LD_RUNPATH_SEARCH_PATHS = "$(inherited) @executable_path/Frameworks @executable_path/../../Frameworks";
				PRODUCT_BUNDLE_IDENTIFIER = com.silverlogic.OmniPark.watchkitapp.watchkitextension;
				PRODUCT_NAME = "${TARGET_NAME}";
				SDKROOT = watchos;
				SKIP_INSTALL = YES;
				SWIFT_VERSION = 4.0;
				TARGETED_DEVICE_FAMILY = 4;
				WATCHOS_DEPLOYMENT_TARGET = 4.0;
			};
			name = Release;
		};
		88F1D5441F9BDA21007B0DA3 /* Debug */ = {
			isa = XCBuildConfiguration;
			baseConfigurationReference = 002D4C73CA1960205A754C70 /* Pods-watchapp.debug.xcconfig */;
			buildSettings = {
				ALWAYS_EMBED_SWIFT_STANDARD_LIBRARIES = YES;
				ASSETCATALOG_COMPILER_APPICON_NAME = AppIcon;
				CODE_SIGN_STYLE = Automatic;
				DEVELOPMENT_TEAM = 4SB3F2S2K3;
				IBSC_MODULE = watchapp_Extension;
				INFOPLIST_FILE = watchapp/Info.plist;
				PRODUCT_BUNDLE_IDENTIFIER = com.silverlogic.OmniPark.watchkitapp;
				PRODUCT_NAME = "$(TARGET_NAME)";
				SDKROOT = watchos;
				SKIP_INSTALL = YES;
				SWIFT_VERSION = 4.0;
				TARGETED_DEVICE_FAMILY = 4;
				WATCHOS_DEPLOYMENT_TARGET = 4.0;
			};
			name = Debug;
		};
		88F1D5451F9BDA21007B0DA3 /* Release */ = {
			isa = XCBuildConfiguration;
			baseConfigurationReference = E96A9A7E354C273C46F3320D /* Pods-watchapp.release.xcconfig */;
			buildSettings = {
				ALWAYS_EMBED_SWIFT_STANDARD_LIBRARIES = YES;
				ASSETCATALOG_COMPILER_APPICON_NAME = AppIcon;
				CODE_SIGN_STYLE = Automatic;
				DEVELOPMENT_TEAM = 4SB3F2S2K3;
				IBSC_MODULE = watchapp_Extension;
				INFOPLIST_FILE = watchapp/Info.plist;
				PRODUCT_BUNDLE_IDENTIFIER = com.silverlogic.OmniPark.watchkitapp;
				PRODUCT_NAME = "$(TARGET_NAME)";
				SDKROOT = watchos;
				SKIP_INSTALL = YES;
				SWIFT_VERSION = 4.0;
				TARGETED_DEVICE_FAMILY = 4;
				WATCHOS_DEPLOYMENT_TARGET = 4.0;
			};
			name = Release;
		};
/* End XCBuildConfiguration section */

/* Begin XCConfigurationList section */
		88F1D5031F9BD8D9007B0DA3 /* Build configuration list for PBXProject "OmniPark" */ = {
			isa = XCConfigurationList;
			buildConfigurations = (
				88F1D51A1F9BD8D9007B0DA3 /* Debug */,
				88F1D51B1F9BD8D9007B0DA3 /* Release */,
			);
			defaultConfigurationIsVisible = 0;
			defaultConfigurationName = Release;
		};
		88F1D51C1F9BD8D9007B0DA3 /* Build configuration list for PBXNativeTarget "OmniPark" */ = {
			isa = XCConfigurationList;
			buildConfigurations = (
				88F1D51D1F9BD8D9007B0DA3 /* Debug */,
				88F1D51E1F9BD8D9007B0DA3 /* Release */,
			);
			defaultConfigurationIsVisible = 0;
			defaultConfigurationName = Release;
		};
		88F1D53F1F9BDA21007B0DA3 /* Build configuration list for PBXNativeTarget "watchapp Extension" */ = {
			isa = XCConfigurationList;
			buildConfigurations = (
				88F1D5401F9BDA21007B0DA3 /* Debug */,
				88F1D5411F9BDA21007B0DA3 /* Release */,
			);
			defaultConfigurationIsVisible = 0;
			defaultConfigurationName = Release;
		};
		88F1D5431F9BDA21007B0DA3 /* Build configuration list for PBXNativeTarget "watchapp" */ = {
			isa = XCConfigurationList;
			buildConfigurations = (
				88F1D5441F9BDA21007B0DA3 /* Debug */,
				88F1D5451F9BDA21007B0DA3 /* Release */,
			);
			defaultConfigurationIsVisible = 0;
			defaultConfigurationName = Release;
		};
/* End XCConfigurationList section */
	};
	rootObject = 88F1D5001F9BD8D9007B0DA3 /* Project object */;
}
